github.com/armfazh/h2c-go-ref v0.0.0-20201127170158-0b2291cd2684 h1:SBUPc1kJPlP3p90otzMe3arEWjmSQPl/rGIPNTFfpcs=
github.com/armfazh/h2c-go-ref v0.0.0-20201127170158-0b2291cd2684/go.mod h1:8fwPDRbWg9lh+s+iVv/7yAthCGHoGLTpeXnHf/J5EXs=
github.com/armfazh/tozan-ecc v0.1.3 h1:g3OKE0KR4L/GZaoQYzsOUdg97Ey5lZRl1i1fD/QkUUw=
github.com/armfazh/tozan-ecc v0.1.3/go.mod h1:u25eZC5Z8uJFQxJxGBz1Blfii/7m3DfmwX0vFnwtG9I=
github.com/bytemare/cryptotools v0.0.0-20201227192301-8bc76e5c536c h1:wMsCxtZQNxZc1Wrlbqk1HewiMNOLjvIFtnOAzPC2SNM=
github.com/bytemare/cryptotools v0.0.0-20201227192301-8bc76e5c536c/go.mod h1:84T/iyNFO07lFu3t7tNV5Vt/y67QinR0MPa61E7D+h0=
github.com/bytemare/cryptotools v0.0.0-20201231013943-c22486d52c20 h1:AFmEiretWZb5ZaKBji38DXMrarI0C9Vgp72f/2a0gmE=
github.com/bytemare/cryptotools v0.0.0-20201231013943-c22486d52c20/go.mod h1:CqMjnKYNzle5VajnJSBig5HDZMAfhx2aeOz0ZhDdDSM=
github.com/davecgh/go-spew v1.1.0 h1:ZDRjVQ15GmhC3fiQ8ni8+OwkZQO4DARzQgrnXU1Liz8=
github.com/davecgh/go-spew v1.1.0/go.mod h1:J7Y8YcW2NihsgmVo/mv3lAwl/skON4iLHjSsI+c5H38=
github.com/gtank/ristretto255 v0.1.2 h1:JEqUCPA1NvLq5DwYtuzigd7ss8fwbYay9fi4/5uMzcc=
github.com/gtank/ristretto255 v0.1.2/go.mod h1:Ph5OpO6c7xKUGROZfWVLiJf9icMDwUeIvY4OmlYW69o=
github.com/pmezard/go-difflib v1.0.0 h1:4DBwDE0NGyQoBHbLQYPwSUPoCMWR5BEzIk/f1lZbAQM=
github.com/pmezard/go-difflib v1.0.0/go.mod h1:iKH77koFhYxTK1pcRnkKkqfTogsbg7gZNVY4sRDYZ/4=
github.com/stretchr/objx v0.1.0/go.mod h1:HFkY916IF+rwdDfMAkV7OtwuqBVzrE8GR6GFx+wExME=
github.com/stretchr/testify v1.6.1 h1:hDPOHmpOpP40lSULcqw7IrRb/u7w6RpDC9399XyoNd0=
github.com/stretchr/testify v1.6.1/go.mod h1:6Fq8oRcR53rry900zMqJjRRixrwX3KX962/h/Wwjteg=
golang.org/x/crypto v0.0.0-20190308221718-c2843e01d9a2/go.mod h1:djNgcEr1/C05ACkg1iLfiJU5Ep61QUkGW8qpdssI0+w=
golang.org/x/crypto v0.0.0-20201124201722-c8d3bf9c5392 h1:xYJJ3S178yv++9zXV/hnr29plCAGO9vAFG9dorqaFQc=
golang.org/x/crypto v0.0.0-20201124201722-c8d3bf9c5392/go.mod h1:jdWPYTVW3xRLrWPugEBEK3UY2ZEsg3UU495nc5E+M+I=
golang.org/x/crypto v0.0.0-20201221181555-eec23a3978ad h1:DN0cp81fZ3njFcrLCytUHRSUkqBjfTo4Tx9RJTWs0EY=
golang.org/x/crypto v0.0.0-20201221181555-eec23a3978ad/go.mod h1:jdWPYTVW3xRLrWPugEBEK3UY2ZEsg3UU495nc5E+M+I=
golang.org/x/net v0.0.0-20190404232315-eb5bcb51f2a3/go.mod h1:t9HGtf8HONx5eT2rtn7q6eTqICYqUVnKs3thJo3Qplg=
golang.org/x/sys v0.0.0-20190215142949-d0b11bdaac8a/go.mod h1:STP8DvDyc/dI5b8T5hshtkjS+E42TnysNCUPdjciGhY=
golang.org/x/sys v0.0.0-20191026070338-33540a1f6037/go.mod h1:h1NjWce9XRLGQEsW7wpKNCjG9DtNlClVuFLEZdDNbEs=
golang.org/x/sys v0.0.0-20201126233918-771906719818 h1:f1CIuDlJhwANEC2MM87MBEVMr3jl5bifgsfj90XAF9c=
golang.org/x/sys v0.0.0-20201126233918-771906719818/go.mod h1:h1NjWce9XRLGQEsW7wpKNCjG9DtNlClVuFLEZdDNbEs=
golang.org/x/sys v0.0.0-20201223074533-0d417f636930 h1:vRgIt+nup/B/BwIS0g2oC0haq0iqbV3ZA+u6+0TlNCo=
golang.org/x/sys v0.0.0-20201223074533-0d417f636930/go.mod h1:h1NjWce9XRLGQEsW7wpKNCjG9DtNlClVuFLEZdDNbEs=
golang.org/x/sys v0.0.0-20201231184435-2d18734c6014 h1:joucsQqXmyBVxViHCPFjG3hx8JzIFSaym3l3MM/Jsdg=
golang.org/x/sys v0.0.0-20201231184435-2d18734c6014/go.mod h1:h1NjWce9XRLGQEsW7wpKNCjG9DtNlClVuFLEZdDNbEs=
golang.org/x/term v0.0.0-20201117132131-f5c789dd3221/go.mod h1:Nr5EML6q2oocZ2LXRh80K7BxOlk5/8JxuGnuhpl+muw=
golang.org/x/text v0.3.0/go.mod h1:NqM8EUOU14njkJ3fqMW+pc6Ldnwhi/IjpwHt7yyuwOQ=
gopkg.in/check.v1 v0.0.0-20161208181325-20d25e280405 h1:yhCVgyC4o1eVCa2tZl7eS0r+SDo693bJlVdllGtEeKM=
gopkg.in/check.v1 v0.0.0-20161208181325-20d25e280405/go.mod h1:Co6ibVJAznAaIkqp8huTwlJQCZ016jof/cbN4VW5Yz0=
gopkg.in/yaml.v3 v3.0.0-20200313102051-9f266ea9e77c h1:dUUwHk2QECo/6vqA44rthZ8ie2QXMNeKRTHCNY2nXvo=
gopkg.in/yaml.v3 v3.0.0-20200313102051-9f266ea9e77c/go.mod h1:K4uyk7z7BCEPqu6E+C64Yfv1cQ7kz7rIZviUmN+EgEM=
